
Microsoft Visual Studio Solution File, Format Version 12.00
# Visual Studio Version 17
VisualStudioVersion = 17.14.36623.8 d17.14
MinimumVisualStudioVersion = 10.0.40219.1
Project("{FAE04EC0-301F-11D3-BF4B-00C04F79EFBC}") = "HouseExcersize", "HouseExcersize\HouseExcersize.csproj", "{B256F82D-27EA-452A-9249-DFDA52C9C322}"
EndProject
Global
	GlobalSection(SolutionConfigurationPlatforms) = preSolution
		Debug|Any CPU = Debug|Any CPU
		Release|Any CPU = Release|Any CPU
	EndGlobalSection
	GlobalSection(ProjectConfigurationPlatforms) = postSolution
		{B256F82D-27EA-452A-9249-DFDA52C9C322}.Debug|Any CPU.ActiveCfg = Debug|Any CPU
		{B256F82D-27EA-452A-9249-DFDA52C9C322}.Debug|Any CPU.Build.0 = Debug|Any CPU
		{B256F82D-27EA-452A-9249-DFDA52C9C322}.Release|Any CPU.ActiveCfg = Release|Any CPU
		{B256F82D-27EA-452A-9249-DFDA52C9C322}.Release|Any CPU.Build.0 = Release|Any CPU
	EndGlobalSection
	GlobalSection(SolutionProperties) = preSolution
		HideSolutionNode = FALSE
	EndGlobalSection
	GlobalSection(ExtensibilityGlobals) = postSolution
		SolutionGuid = {4F7006F2-A210-44B3-A23C-F0536E66190E}
	EndGlobalSection
EndGlobal
